
Microsoft Visual Studio Solution File, Format Version 12.00
# Visual Studio Version 17
VisualStudioVersion = 17.6.33829.357
MinimumVisualStudioVersion = 10.0.40219.1
Project("{FAE04EC0-301F-11D3-BF4B-00C04F79EFBC}") = "FindingPotato", "FindingPotato\FindingPotato.csproj", "{0C2E7DCF-12D5-4DB7-9CE3-D1C3990D1731}"
EndProject
Global
	GlobalSection(SolutionConfigurationPlatforms) = preSolution
		Debug|Any CPU = Debug|Any CPU
		Release|Any CPU = Release|Any CPU
	EndGlobalSection
	GlobalSection(ProjectConfigurationPlatforms) = postSolution
		{0C2E7DCF-12D5-4DB7-9CE3-D1C3990D1731}.Debug|Any CPU.ActiveCfg = Debug|Any CPU
		{0C2E7DCF-12D5-4DB7-9CE3-D1C3990D1731}.Debug|Any CPU.Build.0 = Debug|Any CPU
		{0C2E7DCF-12D5-4DB7-9CE3-D1C3990D1731}.Release|Any CPU.ActiveCfg = Release|Any CPU
		{0C2E7DCF-12D5-4DB7-9CE3-D1C3990D1731}.Release|Any CPU.Build.0 = Release|Any CPU
	EndGlobalSection
	GlobalSection(SolutionProperties) = preSolution
		HideSolutionNode = FALSE
	EndGlobalSection
	GlobalSection(ExtensibilityGlobals) = postSolution
		SolutionGuid = {4E832ADE-5486-4602-9C26-55DAF7428D68}
	EndGlobalSection
EndGlobal
